
Microsoft Visual Studio Solution File, Format Version 12.00
# Visual Studio Version 16
VisualStudioVersion = 16.0.31410.357
MinimumVisualStudioVersion = 10.0.40219.1
Project("{9A19103F-16F7-4668-BE54-9A1E7A4F7556}") = "Linked List", "Linked List\Linked List.csproj", "{C0E7B276-E6BF-448D-9A7D-9429BFB0BE19}"
EndProject
Project("{FAE04EC0-301F-11D3-BF4B-00C04F79EFBC}") = "unittest", "unittest\unittest.csproj", "{ABCDDD53-6D8D-4DD4-95CF-D985048227E1}"
EndProject
Global
	GlobalSection(SolutionConfigurationPlatforms) = preSolution
		Debug|Any CPU = Debug|Any CPU
		Release|Any CPU = Release|Any CPU
	EndGlobalSection
	GlobalSection(ProjectConfigurationPlatforms) = postSolution
		{C0E7B276-E6BF-448D-9A7D-9429BFB0BE19}.Debug|Any CPU.ActiveCfg = Debug|Any CPU
		{C0E7B276-E6BF-448D-9A7D-9429BFB0BE19}.Debug|Any CPU.Build.0 = Debug|Any CPU
		{C0E7B276-E6BF-448D-9A7D-9429BFB0BE19}.Release|Any CPU.ActiveCfg = Release|Any CPU
		{C0E7B276-E6BF-448D-9A7D-9429BFB0BE19}.Release|Any CPU.Build.0 = Release|Any CPU
		{ABCDDD53-6D8D-4DD4-95CF-D985048227E1}.Debug|Any CPU.ActiveCfg = Debug|Any CPU
		{ABCDDD53-6D8D-4DD4-95CF-D985048227E1}.Debug|Any CPU.Build.0 = Debug|Any CPU
		{ABCDDD53-6D8D-4DD4-95CF-D985048227E1}.Release|Any CPU.ActiveCfg = Release|Any CPU
		{ABCDDD53-6D8D-4DD4-95CF-D985048227E1}.Release|Any CPU.Build.0 = Release|Any CPU
	EndGlobalSection
	GlobalSection(SolutionProperties) = preSolution
		HideSolutionNode = FALSE
	EndGlobalSection
	GlobalSection(ExtensibilityGlobals) = postSolution
		SolutionGuid = {FCE9EAD5-FE90-476C-A212-90F686572935}
	EndGlobalSection
EndGlobal
